{
  "name": "project3",
  "version": "1.0.0",
  "lockfileVersion": 1,
  "requires": true,
  "dependencies": {
    "fswin": {
      "version": "3.19.908",
      "resolved": "https://registry.npmjs.org/fswin/-/fswin-3.19.908.tgz",
      "integrity": "sha512-xwq6wBg+KNuSjzQ3gZUOXt/FUhN9Wd+qQxz3yGM1xyTWu00ty82X+9Tc09z9XtMONYAhA8cCE3nolWoU7Rlz6g=="
    },
    "gar": {
      "version": "1.0.4",
      "resolved": "https://registry.npmjs.org/gar/-/gar-1.0.4.tgz",
      "integrity": "sha512-w4n9cPWyP7aHxKxYHFQMegj7WIAsL/YX/C4Bs5Rr8s1H9M1rNtRWRsw+ovYMkXDQ5S4ZbYHsHAPmevPjPgw44w=="
    },
    "tiny-each-async": {
      "version": "2.0.3",
      "resolved": "https://registry.npmjs.org/tiny-each-async/-/tiny-each-async-2.0.3.tgz",
      "integrity": "sha1-jru/1tYpXxNwAD+7NxYq/loKUdE=",
      "dev": true
    },
    "winattr": {
      "version": "3.0.0",
      "resolved": "https://registry.npmjs.org/winattr/-/winattr-3.0.0.tgz",
      "integrity": "sha512-dt33rYsTYcGbB+I1ubB6ZLODibRSCW//TgY/SuajLllR9kHnHnbUMqnXIe0osYsXUdRLGs770zb3t9z/ScGUpw==",
      "requires": {
        "fswin": "^3.18.918"
      }
    }
  }
}
